// !$*UTF8*$!
{
	archiveVersion = 1;
	classes = {
	};
	objectVersion = 70;
	objects = {

/* Begin PBXBuildFile section */
		A0E9D3DA2F7328AC00E35403 /* ShareExtension.appex in Embed Foundation Extensions */ = {isa = PBXBuildFile; fileRef = A0E9D3D02F7328AC00E35403 /* ShareExtension.appex */; settings = {ATTRIBUTES = (RemoveHeadersOnCopy, ); }; };
		A100000001 /* SnapGridApp.swift in Sources */ = {isa = PBXBuildFile; fileRef = B100000001 /* SnapGridApp.swift */; };
		A100000002 /* ContentView.swift in Sources */ = {isa = PBXBuildFile; fileRef = B100000002 /* ContentView.swift */; };
		A100000004 /* Space.swift in Sources */ = {isa = PBXBuildFile; fileRef = B100000004 /* Space.swift */; };
		A100000005 /* FileSystemManager.swift in Sources */ = {isa = PBXBuildFile; fileRef = B100000005 /* FileSystemManager.swift */; };
		A100000008 /* ThumbnailCache.swift in Sources */ = {isa = PBXBuildFile; fileRef = B100000008 /* ThumbnailCache.swift */; };
		A100000009 /* Color+SnapGrid.swift in Sources */ = {isa = PBXBuildFile; fileRef = B100000009 /* Color+SnapGrid.swift */; };
		A100000010 /* OnboardingView.swift in Sources */ = {isa = PBXBuildFile; fileRef = B100000010 /* OnboardingView.swift */; };
		A100000011 /* MainView.swift in Sources */ = {isa = PBXBuildFile; fileRef = B100000011 /* MainView.swift */; };
		A100000012 /* SpaceTabBar.swift in Sources */ = {isa = PBXBuildFile; fileRef = B100000012 /* SpaceTabBar.swift */; };
		A100000013 /* MasonryGrid.swift in Sources */ = {isa = PBXBuildFile; fileRef = B100000013 /* MasonryGrid.swift */; };
		A100000014 /* GridItemView.swift in Sources */ = {isa = PBXBuildFile; fileRef = B100000014 /* GridItemView.swift */; };
		A100000015 /* PatternPills.swift in Sources */ = {isa = PBXBuildFile; fileRef = B100000015 /* PatternPills.swift */; };
		A100000016 /* ImageDetailView.swift in Sources */ = {isa = PBXBuildFile; fileRef = B100000016 /* ImageDetailView.swift */; };
		A100000017 /* ZoomableImageView.swift in Sources */ = {isa = PBXBuildFile; fileRef = B100000017 /* ZoomableImageView.swift */; };
		A100000018 /* EmptyStateView.swift in Sources */ = {isa = PBXBuildFile; fileRef = B100000018 /* EmptyStateView.swift */; };
		A100000019 /* Assets.xcassets in Resources */ = {isa = PBXBuildFile; fileRef = B100000019 /* Assets.xcassets */; };
		A100000020 /* iCloudDownloadMonitor.swift in Sources */ = {isa = PBXBuildFile; fileRef = B100000020 /* iCloudDownloadMonitor.swift */; };
		A100000021 /* FullScreenImageOverlay.swift in Sources */ = {isa = PBXBuildFile; fileRef = B100000021 /* FullScreenImageOverlay.swift */; };
		A100000022 /* AppIcon.icon in Resources */ = {isa = PBXBuildFile; fileRef = B100000022 /* AppIcon.icon */; };
		A100000023 /* ShareImportService.swift in Sources */ = {isa = PBXBuildFile; fileRef = B100000025 /* ShareImportService.swift */; };
		69A2FAEBC4355557E9BBF91D /* MediaItem.swift in Sources */ = {isa = PBXBuildFile; fileRef = 8EA2C659B43CBFC9C4825931 /* MediaItem.swift */; };
		810E66F164E96C78F5095B7B /* AnalysisResult.swift in Sources */ = {isa = PBXBuildFile; fileRef = 71A78C6996F3AEB37B949CCE /* AnalysisResult.swift */; };
		787BBD33FD14A7CC420B8C71 /* SyncService.swift in Sources */ = {isa = PBXBuildFile; fileRef = FC24EBA6AD6068C4ADA26030 /* SyncService.swift */; };
		F2AD76603369201957F4E1FD /* SearchIndexService.swift in Sources */ = {isa = PBXBuildFile; fileRef = 5CFAB07291230EAED58390B4 /* SearchIndexService.swift */; };
		A100000030 /* AnimationTokens.swift in Sources */ = {isa = PBXBuildFile; fileRef = B100000030 /* AnimationTokens.swift */; };
		A100000031 /* ImageImportService.swift in Sources */ = {isa = PBXBuildFile; fileRef = B100000031 /* ImageImportService.swift */; };
		A100000032 /* PhotoPickerView.swift in Sources */ = {isa = PBXBuildFile; fileRef = B100000032 /* PhotoPickerView.swift */; };
/* End PBXBuildFile section */

/* Begin PBXContainerItemProxy section */
		A0E9D3D82F7328AC00E35403 /* PBXContainerItemProxy */ = {
			isa = PBXContainerItemProxy;
			containerPortal = H100000001 /* Project object */;
			proxyType = 1;
			remoteGlobalIDString = A0E9D3CF2F7328AC00E35403;
			remoteInfo = ShareExtension;
		};
/* End PBXContainerItemProxy section */

/* Begin PBXCopyFilesBuildPhase section */
		A0E9D3DB2F7328AC00E35403 /* Embed Foundation Extensions */ = {
			isa = PBXCopyFilesBuildPhase;
			buildActionMask = 2147483647;
			dstPath = "";
			dstSubfolderSpec = 13;
			files = (
				A0E9D3DA2F7328AC00E35403 /* ShareExtension.appex in Embed Foundation Extensions */,
			);
			name = "Embed Foundation Extensions";
			runOnlyForDeploymentPostprocessing = 0;
		};
/* End PBXCopyFilesBuildPhase section */

/* Begin PBXFileReference section */
		A0E9D3D02F7328AC00E35403 /* ShareExtension.appex */ = {isa = PBXFileReference; explicitFileType = "wrapper.app-extension"; includeInIndex = 0; path = ShareExtension.appex; sourceTree = BUILT_PRODUCTS_DIR; };
		B100000001 /* SnapGridApp.swift */ = {isa = PBXFileReference; lastKnownFileType = sourcecode.swift; path = SnapGridApp.swift; sourceTree = "<group>"; };
		B100000002 /* ContentView.swift */ = {isa = PBXFileReference; lastKnownFileType = sourcecode.swift; path = ContentView.swift; sourceTree = "<group>"; };
		B100000004 /* Space.swift */ = {isa = PBXFileReference; lastKnownFileType = sourcecode.swift; path = Space.swift; sourceTree = "<group>"; };
		B100000005 /* FileSystemManager.swift */ = {isa = PBXFileReference; lastKnownFileType = sourcecode.swift; path = FileSystemManager.swift; sourceTree = "<group>"; };
		B100000008 /* ThumbnailCache.swift */ = {isa = PBXFileReference; lastKnownFileType = sourcecode.swift; path = ThumbnailCache.swift; sourceTree = "<group>"; };
		B100000009 /* Color+SnapGrid.swift */ = {isa = PBXFileReference; lastKnownFileType = sourcecode.swift; path = "Color+SnapGrid.swift"; sourceTree = "<group>"; };
		B100000010 /* OnboardingView.swift */ = {isa = PBXFileReference; lastKnownFileType = sourcecode.swift; path = OnboardingView.swift; sourceTree = "<group>"; };
		B100000011 /* MainView.swift */ = {isa = PBXFileReference; lastKnownFileType = sourcecode.swift; path = MainView.swift; sourceTree = "<group>"; };
		B100000012 /* SpaceTabBar.swift */ = {isa = PBXFileReference; lastKnownFileType = sourcecode.swift; path = SpaceTabBar.swift; sourceTree = "<group>"; };
		B100000013 /* MasonryGrid.swift */ = {isa = PBXFileReference; lastKnownFileType = sourcecode.swift; path = MasonryGrid.swift; sourceTree = "<group>"; };
		B100000014 /* GridItemView.swift */ = {isa = PBXFileReference; lastKnownFileType = sourcecode.swift; path = GridItemView.swift; sourceTree = "<group>"; };
		B100000015 /* PatternPills.swift */ = {isa = PBXFileReference; lastKnownFileType = sourcecode.swift; path = PatternPills.swift; sourceTree = "<group>"; };
		B100000016 /* ImageDetailView.swift */ = {isa = PBXFileReference; lastKnownFileType = sourcecode.swift; path = ImageDetailView.swift; sourceTree = "<group>"; };
		B100000017 /* ZoomableImageView.swift */ = {isa = PBXFileReference; lastKnownFileType = sourcecode.swift; path = ZoomableImageView.swift; sourceTree = "<group>"; };
		B100000018 /* EmptyStateView.swift */ = {isa = PBXFileReference; lastKnownFileType = sourcecode.swift; path = EmptyStateView.swift; sourceTree = "<group>"; };
		B100000030 /* AnimationTokens.swift */ = {isa = PBXFileReference; lastKnownFileType = sourcecode.swift; path = AnimationTokens.swift; sourceTree = "<group>"; };
		B100000019 /* Assets.xcassets */ = {isa = PBXFileReference; lastKnownFileType = folder.assetcatalog; path = Assets.xcassets; sourceTree = "<group>"; };
		B100000020 /* iCloudDownloadMonitor.swift */ = {isa = PBXFileReference; lastKnownFileType = sourcecode.swift; path = iCloudDownloadMonitor.swift; sourceTree = "<group>"; };
		B100000021 /* FullScreenImageOverlay.swift */ = {isa = PBXFileReference; lastKnownFileType = sourcecode.swift; path = FullScreenImageOverlay.swift; sourceTree = "<group>"; };
		B100000022 /* AppIcon.icon */ = {isa = PBXFileReference; lastKnownFileType = folder.iconcomposer.icon; path = AppIcon.icon; sourceTree = "<group>"; };
		B100000023 /* SnapGrid.entitlements */ = {isa = PBXFileReference; lastKnownFileType = text.plist.entitlements; path = SnapGrid.entitlements; sourceTree = "<group>"; };
		B100000024 /* Info.plist */ = {isa = PBXFileReference; lastKnownFileType = text.plist.xml; path = Info.plist; sourceTree = "<group>"; };
		B100000025 /* ShareImportService.swift */ = {isa = PBXFileReference; lastKnownFileType = sourcecode.swift; path = ShareImportService.swift; sourceTree = "<group>"; };
		C100000001 /* SnapGrid.app */ = {isa = PBXFileReference; explicitFileType = wrapper.application; includeInIndex = 0; path = SnapGrid.app; sourceTree = BUILT_PRODUCTS_DIR; };
		8EA2C659B43CBFC9C4825931 /* MediaItem.swift */ = {isa = PBXFileReference; lastKnownFileType = sourcecode.swift; path = MediaItem.swift; sourceTree = "<group>"; };
		71A78C6996F3AEB37B949CCE /* AnalysisResult.swift */ = {isa = PBXFileReference; lastKnownFileType = sourcecode.swift; path = AnalysisResult.swift; sourceTree = "<group>"; };
		FC24EBA6AD6068C4ADA26030 /* SyncService.swift */ = {isa = PBXFileReference; lastKnownFileType = sourcecode.swift; path = SyncService.swift; sourceTree = "<group>"; };
		5CFAB07291230EAED58390B4 /* SearchIndexService.swift */ = {isa = PBXFileReference; lastKnownFileType = sourcecode.swift; path = SearchIndexService.swift; sourceTree = "<group>"; };
		B100000031 /* ImageImportService.swift */ = {isa = PBXFileReference; lastKnownFileType = sourcecode.swift; path = ImageImportService.swift; sourceTree = "<group>"; };
		B100000032 /* PhotoPickerView.swift */ = {isa = PBXFileReference; lastKnownFileType = sourcecode.swift; path = PhotoPickerView.swift; sourceTree = "<group>"; };
/* End PBXFileReference section */

/* Begin PBXFileSystemSynchronizedBuildFileExceptionSet section */
		A0E9D3DE2F7328AC00E35403 /* PBXFileSystemSynchronizedBuildFileExceptionSet */ = {
			isa = PBXFileSystemSynchronizedBuildFileExceptionSet;
			membershipExceptions = (
				Info.plist,
			);
			target = A0E9D3CF2F7328AC00E35403 /* ShareExtension */;
		};
/* End PBXFileSystemSynchronizedBuildFileExceptionSet section */

/* Begin PBXFileSystemSynchronizedRootGroup section */
		A0E9D3D12F7328AC00E35403 /* ShareExtension */ = {isa = PBXFileSystemSynchronizedRootGroup; exceptions = (A0E9D3DE2F7328AC00E35403 /* PBXFileSystemSynchronizedBuildFileExceptionSet */, ); explicitFileTypes = {}; explicitFolders = (); path = ShareExtension; sourceTree = "<group>"; };
/* End PBXFileSystemSynchronizedRootGroup section */

/* Begin PBXFrameworksBuildPhase section */
		A0E9D3CD2F7328AC00E35403 /* Frameworks */ = {
			isa = PBXFrameworksBuildPhase;
			buildActionMask = 2147483647;
			files = (
			);
			runOnlyForDeploymentPostprocessing = 0;
		};
		D100000001 /* Frameworks */ = {
			isa = PBXFrameworksBuildPhase;
			buildActionMask = 2147483647;
			files = (
			);
			runOnlyForDeploymentPostprocessing = 0;
		};
/* End PBXFrameworksBuildPhase section */

/* Begin PBXGroup section */
		E100000001 = {
			isa = PBXGroup;
			children = (
				E100000002 /* SnapGrid */,
				A0E9D3D12F7328AC00E35403 /* ShareExtension */,
				E100000099 /* Products */,
			);
			sourceTree = "<group>";
		};
		E100000002 /* SnapGrid */ = {
			isa = PBXGroup;
			children = (
				E100000003 /* App */,
				E100000004 /* Models */,
				E100000005 /* Views */,
				E100000006 /* Services */,
				E100000007 /* Extensions */,
				E100000008 /* Resources */,
			);
			path = SnapGrid;
			sourceTree = "<group>";
		};
		E100000003 /* App */ = {
			isa = PBXGroup;
			children = (
				B100000001 /* SnapGridApp.swift */,
				B100000002 /* ContentView.swift */,
			);
			path = App;
			sourceTree = "<group>";
		};
		E100000004 /* Models */ = {
			isa = PBXGroup;
			children = (
				B100000004 /* Space.swift */,
				8EA2C659B43CBFC9C4825931 /* MediaItem.swift */,
				71A78C6996F3AEB37B949CCE /* AnalysisResult.swift */,
			);
			path = Models;
			sourceTree = "<group>";
		};
		E100000005 /* Views */ = {
			isa = PBXGroup;
			children = (
				E100000010 /* Onboarding */,
				E100000011 /* Main */,
				E100000012 /* Grid */,
				E100000013 /* Detail */,
				E100000014 /* Shared */,
			);
			path = Views;
			sourceTree = "<group>";
		};
		E100000006 /* Services */ = {
			isa = PBXGroup;
			children = (
				B100000005 /* FileSystemManager.swift */,
				B100000020 /* iCloudDownloadMonitor.swift */,
				B100000025 /* ShareImportService.swift */,
				FC24EBA6AD6068C4ADA26030 /* SyncService.swift */,
				5CFAB07291230EAED58390B4 /* SearchIndexService.swift */,
				B100000008 /* ThumbnailCache.swift */,
				B100000031 /* ImageImportService.swift */,
			);
			path = Services;
			sourceTree = "<group>";
		};
		E100000007 /* Extensions */ = {
			isa = PBXGroup;
			children = (
				B100000009 /* Color+SnapGrid.swift */,
			);
			path = Extensions;
			sourceTree = "<group>";
		};
		E100000008 /* Resources */ = {
			isa = PBXGroup;
			children = (
				B100000019 /* Assets.xcassets */,
				B100000022 /* AppIcon.icon */,
				B100000023 /* SnapGrid.entitlements */,
				B100000024 /* Info.plist */,
			);
			path = Resources;
			sourceTree = "<group>";
		};
		E100000010 /* Onboarding */ = {
			isa = PBXGroup;
			children = (
				B100000010 /* OnboardingView.swift */,
			);
			path = Onboarding;
			sourceTree = "<group>";
		};
		E100000011 /* Main */ = {
			isa = PBXGroup;
			children = (
				B100000011 /* MainView.swift */,
				B100000012 /* SpaceTabBar.swift */,
				B100000032 /* PhotoPickerView.swift */,
			);
			path = Main;
			sourceTree = "<group>";
		};
		E100000012 /* Grid */ = {
			isa = PBXGroup;
			children = (
				B100000013 /* MasonryGrid.swift */,
				B100000014 /* GridItemView.swift */,
				B100000015 /* PatternPills.swift */,
			);
			path = Grid;
			sourceTree = "<group>";
		};
		E100000013 /* Detail */ = {
			isa = PBXGroup;
			children = (
				B100000016 /* ImageDetailView.swift */,
				B100000017 /* ZoomableImageView.swift */,
				B100000021 /* FullScreenImageOverlay.swift */,
			);
			path = Detail;
			sourceTree = "<group>";
		};
		E100000014 /* Shared */ = {
			isa = PBXGroup;
			children = (
				B100000030 /* AnimationTokens.swift */,
				B100000018 /* EmptyStateView.swift */,
			);
			path = Shared;
			sourceTree = "<group>";
		};
		E100000099 /* Products */ = {
			isa = PBXGroup;
			children = (
				C100000001 /* SnapGrid.app */,
				A0E9D3D02F7328AC00E35403 /* ShareExtension.appex */,
			);
			name = Products;
			sourceTree = "<group>";
		};
/* End PBXGroup section */

/* Begin PBXNativeTarget section */
		A0E9D3CF2F7328AC00E35403 /* ShareExtension */ = {
			isa = PBXNativeTarget;
			buildConfigurationList = A0E9D3DF2F7328AC00E35403 /* Build configuration list for PBXNativeTarget "ShareExtension" */;
			buildPhases = (
				A0E9D3CC2F7328AC00E35403 /* Sources */,
				A0E9D3CD2F7328AC00E35403 /* Frameworks */,
				A0E9D3CE2F7328AC00E35403 /* Resources */,
			);
			buildRules = (
			);
			dependencies = (
			);
			fileSystemSynchronizedGroups = (
				A0E9D3D12F7328AC00E35403 /* ShareExtension */,
			);
			name = ShareExtension;
			packageProductDependencies = (
			);
			productName = ShareExtension;
			productReference = A0E9D3D02F7328AC00E35403 /* ShareExtension.appex */;
			productType = "com.apple.product-type.app-extension";
		};
		F100000001 /* SnapGrid */ = {
			isa = PBXNativeTarget;
			buildConfigurationList = G100000003 /* Build configuration list for PBXNativeTarget "SnapGrid" */;
			buildPhases = (
				F100000002 /* Sources */,
				D100000001 /* Frameworks */,
				F100000003 /* Resources */,
				A0E9D3DB2F7328AC00E35403 /* Embed Foundation Extensions */,
			);
			buildRules = (
			);
			dependencies = (
				A0E9D3D92F7328AC00E35403 /* PBXTargetDependency */,
			);
			name = SnapGrid;
			productName = SnapGrid;
			productReference = C100000001 /* SnapGrid.app */;
			productType = "com.apple.product-type.application";
		};
/* End PBXNativeTarget section */

/* Begin PBXProject section */
		H100000001 /* Project object */ = {
			isa = PBXProject;
			attributes = {
				BuildIndependentTargetsInParallel = 1;
				LastSwiftUpdateCheck = 2630;
				LastUpgradeCheck = 1540;
				TargetAttributes = {
					A0E9D3CF2F7328AC00E35403 = {
						CreatedOnToolsVersion = 26.3;
					};
					F100000001 = {
						CreatedOnToolsVersion = 15.4;
					};
				};
			};
			buildConfigurationList = G100000001 /* Build configuration list for PBXProject "SnapGrid" */;
			compatibilityVersion = "Xcode 14.0";
			developmentRegion = en;
			hasScannedForEncodings = 0;
			knownRegions = (
				en,
				Base,
			);
			mainGroup = E100000001;
			productRefGroup = E100000099 /* Products */;
			projectDirPath = "";
			projectRoot = "";
			targets = (
				F100000001 /* SnapGrid */,
				A0E9D3CF2F7328AC00E35403 /* ShareExtension */,
			);
		};
/* End PBXProject section */

/* Begin PBXResourcesBuildPhase section */
		A0E9D3CE2F7328AC00E35403 /* Resources */ = {
			isa = PBXResourcesBuildPhase;
			buildActionMask = 2147483647;
			files = (
			);
			runOnlyForDeploymentPostprocessing = 0;
		};
		F100000003 /* Resources */ = {
			isa = PBXResourcesBuildPhase;
			buildActionMask = 2147483647;
			files = (
				A100000019 /* Assets.xcassets in Resources */,
				A100000022 /* AppIcon.icon in Resources */,
			);
			runOnlyForDeploymentPostprocessing = 0;
		};
/* End PBXResourcesBuildPhase section */

/* Begin PBXSourcesBuildPhase section */
		A0E9D3CC2F7328AC00E35403 /* Sources */ = {
			isa = PBXSourcesBuildPhase;
			buildActionMask = 2147483647;
			files = (
			);
			runOnlyForDeploymentPostprocessing = 0;
		};
		F100000002 /* Sources */ = {
			isa = PBXSourcesBuildPhase;
			buildActionMask = 2147483647;
			files = (
				A100000001 /* SnapGridApp.swift in Sources */,
				A100000002 /* ContentView.swift in Sources */,
				A100000004 /* Space.swift in Sources */,
				A100000005 /* FileSystemManager.swift in Sources */,
				A100000008 /* ThumbnailCache.swift in Sources */,
				A100000009 /* Color+SnapGrid.swift in Sources */,
				A100000010 /* OnboardingView.swift in Sources */,
				A100000011 /* MainView.swift in Sources */,
				A100000012 /* SpaceTabBar.swift in Sources */,
				A100000013 /* MasonryGrid.swift in Sources */,
				A100000014 /* GridItemView.swift in Sources */,
				A100000015 /* PatternPills.swift in Sources */,
				A100000016 /* ImageDetailView.swift in Sources */,
				A100000017 /* ZoomableImageView.swift in Sources */,
				A100000018 /* EmptyStateView.swift in Sources */,
				A100000020 /* iCloudDownloadMonitor.swift in Sources */,
				A100000021 /* FullScreenImageOverlay.swift in Sources */,
				A100000023 /* ShareImportService.swift in Sources */,
				69A2FAEBC4355557E9BBF91D /* MediaItem.swift in Sources */,
				810E66F164E96C78F5095B7B /* AnalysisResult.swift in Sources */,
				787BBD33FD14A7CC420B8C71 /* SyncService.swift in Sources */,
				F2AD76603369201957F4E1FD /* SearchIndexService.swift in Sources */,
				A100000030 /* AnimationTokens.swift in Sources */,
				A100000031 /* ImageImportService.swift in Sources */,
				A100000032 /* PhotoPickerView.swift in Sources */,
			);
			runOnlyForDeploymentPostprocessing = 0;
		};
/* End PBXSourcesBuildPhase section */

/* Begin PBXTargetDependency section */
		A0E9D3D92F7328AC00E35403 /* PBXTargetDependency */ = {
			isa = PBXTargetDependency;
			target = A0E9D3CF2F7328AC00E35403 /* ShareExtension */;
			targetProxy = A0E9D3D82F7328AC00E35403 /* PBXContainerItemProxy */;
		};
/* End PBXTargetDependency section */

/* Begin XCBuildConfiguration section */
		A0E9D3DC2F7328AC00E35403 /* Debug */ = {
			isa = XCBuildConfiguration;
			buildSettings = {
				CODE_SIGN_ENTITLEMENTS = ShareExtension/ShareExtension.entitlements;
				CODE_SIGN_STYLE = Automatic;
				CURRENT_PROJECT_VERSION = 1;
				DEVELOPMENT_TEAM = HJ4HYUU2Y6;
				GENERATE_INFOPLIST_FILE = YES;
				INFOPLIST_FILE = ShareExtension/Info.plist;
				INFOPLIST_KEY_CFBundleDisplayName = ShareExtension;
				INFOPLIST_KEY_NSHumanReadableCopyright = "";
				IPHONEOS_DEPLOYMENT_TARGET = 17.0;
				LD_RUNPATH_SEARCH_PATHS = (
					"$(inherited)",
					"@executable_path/Frameworks",
					"@executable_path/../../Frameworks",
				);
				LOCALIZATION_PREFERS_STRING_CATALOGS = YES;
				MARKETING_VERSION = 1.0;
				PRODUCT_BUNDLE_IDENTIFIER = com.snapgrid.ios.ShareExtension;
				PRODUCT_NAME = "$(TARGET_NAME)";
				SKIP_INSTALL = YES;
				STRING_CATALOG_GENERATE_SYMBOLS = YES;
				SWIFT_ACTIVE_COMPILATION_CONDITIONS = "DEBUG $(inherited)";
				SWIFT_APPROACHABLE_CONCURRENCY = YES;
				SWIFT_EMIT_LOC_STRINGS = YES;
				SWIFT_UPCOMING_FEATURE_MEMBER_IMPORT_VISIBILITY = YES;
				SWIFT_VERSION = 5.0;
				TARGETED_DEVICE_FAMILY = "1,2";
			};
			name = Debug;
		};
		A0E9D3DD2F7328AC00E35403 /* Release */ = {
			isa = XCBuildConfiguration;
			buildSettings = {
				CODE_SIGN_ENTITLEMENTS = ShareExtension/ShareExtension.entitlements;
				CODE_SIGN_STYLE = Automatic;
				CURRENT_PROJECT_VERSION = 1;
				DEVELOPMENT_TEAM = HJ4HYUU2Y6;
				GENERATE_INFOPLIST_FILE = YES;
				INFOPLIST_FILE = ShareExtension/Info.plist;
				INFOPLIST_KEY_CFBundleDisplayName = ShareExtension;
				INFOPLIST_KEY_NSHumanReadableCopyright = "";
				IPHONEOS_DEPLOYMENT_TARGET = 17.0;
				LD_RUNPATH_SEARCH_PATHS = (
					"$(inherited)",
					"@executable_path/Frameworks",
					"@executable_path/../../Frameworks",
				);
				LOCALIZATION_PREFERS_STRING_CATALOGS = YES;
				MARKETING_VERSION = 1.0;
				PRODUCT_BUNDLE_IDENTIFIER = com.snapgrid.ios.ShareExtension;
				PRODUCT_NAME = "$(TARGET_NAME)";
				SKIP_INSTALL = YES;
				STRING_CATALOG_GENERATE_SYMBOLS = YES;
				SWIFT_APPROACHABLE_CONCURRENCY = YES;
				SWIFT_EMIT_LOC_STRINGS = YES;
				SWIFT_UPCOMING_FEATURE_MEMBER_IMPORT_VISIBILITY = YES;
				SWIFT_VERSION = 5.0;
				TARGETED_DEVICE_FAMILY = "1,2";
			};
			name = Release;
		};
		G100000010 /* Debug */ = {
			isa = XCBuildConfiguration;
			buildSettings = {
				ALWAYS_SEARCH_USER_PATHS = NO;
				ASSETCATALOG_COMPILER_GENERATE_SWIFT_ASSET_SYMBOL_EXTENSIONS = YES;
				CLANG_ANALYZER_NONNULL = YES;
				CLANG_ANALYZER_NUMBER_OBJECT_CONVERSION = YES_AGGRESSIVE;
				CLANG_CXX_LANGUAGE_STANDARD = "gnu++20";
				CLANG_ENABLE_MODULES = YES;
				CLANG_ENABLE_OBJC_ARC = YES;
				CLANG_ENABLE_OBJC_WEAK = YES;
				CLANG_WARN_BLOCK_CAPTURE_AUTORELEASING = YES;
				CLANG_WARN_BOOL_CONVERSION = YES;
				CLANG_WARN_COMMA = YES;
				CLANG_WARN_CONSTANT_CONVERSION = YES;
				CLANG_WARN_DEPRECATED_OBJC_IMPLEMENTATIONS = YES;
				CLANG_WARN_DIRECT_OBJC_ISA_USAGE = YES_ERROR;
				CLANG_WARN_DOCUMENTATION_COMMENTS = YES;
				CLANG_WARN_EMPTY_BODY = YES;
				CLANG_WARN_ENUM_CONVERSION = YES;
				CLANG_WARN_INFINITE_RECURSION = YES;
				CLANG_WARN_INT_CONVERSION = YES;
				CLANG_WARN_NON_LITERAL_NULL_CONVERSION = YES;
				CLANG_WARN_OBJC_IMPLICIT_RETAIN_SELF = YES;
				CLANG_WARN_OBJC_LITERAL_CONVERSION = YES;
				CLANG_WARN_OBJC_ROOT_CLASS = YES_ERROR;
				CLANG_WARN_QUOTED_INCLUDE_IN_FRAMEWORK_HEADER = YES;
				CLANG_WARN_RANGE_LOOP_ANALYSIS = YES;
				CLANG_WARN_STRICT_PROTOTYPES = YES;
				CLANG_WARN_SUSPICIOUS_MOVE = YES;
				CLANG_WARN_UNGUARDED_AVAILABILITY = YES_AGGRESSIVE;
				CLANG_WARN_UNREACHABLE_CODE = YES;
				CLANG_WARN__DUPLICATE_METHOD_MATCH = YES;
				COPY_PHASE_STRIP = NO;
				DEBUG_INFORMATION_FORMAT = dwarf;
				ENABLE_STRICT_OBJC_MSGSEND = YES;
				ENABLE_TESTABILITY = YES;
				ENABLE_USER_SCRIPT_SANDBOXING = YES;
				GCC_C_LANGUAGE_STANDARD = gnu17;
				GCC_DYNAMIC_NO_PIC = NO;
				GCC_NO_COMMON_BLOCKS = YES;
				GCC_OPTIMIZATION_LEVEL = 0;
				GCC_PREPROCESSOR_DEFINITIONS = (
					"DEBUG=1",
					"$(inherited)",
				);
				GCC_WARN_64_TO_32_BIT_CONVERSION = YES;
				GCC_WARN_ABOUT_RETURN_TYPE = YES_ERROR;
				GCC_WARN_UNDECLARED_SELECTOR = YES;
				GCC_WARN_UNINITIALIZED_AUTOS = YES_AGGRESSIVE;
				GCC_WARN_UNUSED_FUNCTION = YES;
				GCC_WARN_UNUSED_VARIABLE = YES;
				IPHONEOS_DEPLOYMENT_TARGET = 17.0;
				MTL_ENABLE_DEBUG_INFO = INCLUDE_SOURCE;
				MTL_FAST_MATH = YES;
				ONLY_ACTIVE_ARCH = YES;
				SDKROOT = iphoneos;
				SWIFT_ACTIVE_COMPILATION_CONDITIONS = "$(inherited) DEBUG";
				SWIFT_OPTIMIZATION_LEVEL = "-Onone";
			};
			name = Debug;
		};
		G100000011 /* Release */ = {
			isa = XCBuildConfiguration;
			buildSettings = {
				ALWAYS_SEARCH_USER_PATHS = NO;
				ASSETCATALOG_COMPILER_GENERATE_SWIFT_ASSET_SYMBOL_EXTENSIONS = YES;
				CLANG_ANALYZER_NONNULL = YES;
				CLANG_ANALYZER_NUMBER_OBJECT_CONVERSION = YES_AGGRESSIVE;
				CLANG_CXX_LANGUAGE_STANDARD = "gnu++20";
				CLANG_ENABLE_MODULES = YES;
				CLANG_ENABLE_OBJC_ARC = YES;
				CLANG_ENABLE_OBJC_WEAK = YES;
				CLANG_WARN_BLOCK_CAPTURE_AUTORELEASING = YES;
				CLANG_WARN_BOOL_CONVERSION = YES;
				CLANG_WARN_COMMA = YES;
				CLANG_WARN_CONSTANT_CONVERSION = YES;
				CLANG_WARN_DEPRECATED_OBJC_IMPLEMENTATIONS = YES;
				CLANG_WARN_DIRECT_OBJC_ISA_USAGE = YES_ERROR;
				CLANG_WARN_DOCUMENTATION_COMMENTS = YES;
				CLANG_WARN_EMPTY_BODY = YES;
				CLANG_WARN_ENUM_CONVERSION = YES;
				CLANG_WARN_INFINITE_RECURSION = YES;
				CLANG_WARN_INT_CONVERSION = YES;
				CLANG_WARN_NON_LITERAL_NULL_CONVERSION = YES;
				CLANG_WARN_OBJC_IMPLICIT_RETAIN_SELF = YES;
				CLANG_WARN_OBJC_LITERAL_CONVERSION = YES;
				CLANG_WARN_OBJC_ROOT_CLASS = YES_ERROR;
				CLANG_WARN_QUOTED_INCLUDE_IN_FRAMEWORK_HEADER = YES;
				CLANG_WARN_RANGE_LOOP_ANALYSIS = YES;
				CLANG_WARN_STRICT_PROTOTYPES = YES;
				CLANG_WARN_SUSPICIOUS_MOVE = YES;
				CLANG_WARN_UNGUARDED_AVAILABILITY = YES_AGGRESSIVE;
				CLANG_WARN_UNREACHABLE_CODE = YES;
				CLANG_WARN__DUPLICATE_METHOD_MATCH = YES;
				COPY_PHASE_STRIP = NO;
				DEBUG_INFORMATION_FORMAT = "dwarf-with-dsym";
				ENABLE_NS_ASSERTIONS = NO;
				ENABLE_STRICT_OBJC_MSGSEND = YES;
				ENABLE_USER_SCRIPT_SANDBOXING = YES;
				GCC_C_LANGUAGE_STANDARD = gnu17;
				GCC_NO_COMMON_BLOCKS = YES;
				GCC_WARN_64_TO_32_BIT_CONVERSION = YES;
				GCC_WARN_ABOUT_RETURN_TYPE = YES_ERROR;
				GCC_WARN_UNDECLARED_SELECTOR = YES;
				GCC_WARN_UNINITIALIZED_AUTOS = YES_AGGRESSIVE;
				GCC_WARN_UNUSED_FUNCTION = YES;
				GCC_WARN_UNUSED_VARIABLE = YES;
				IPHONEOS_DEPLOYMENT_TARGET = 17.0;
				MTL_ENABLE_DEBUG_INFO = NO;
				MTL_FAST_MATH = YES;
				SDKROOT = iphoneos;
				SWIFT_COMPILATION_MODE = wholemodule;
				VALIDATE_PRODUCT = YES;
			};
			name = Release;
		};
		G100000020 /* Debug */ = {
			isa = XCBuildConfiguration;
			buildSettings = {
				ASSETCATALOG_COMPILER_APPICON_NAME = AppIcon;
				ASSETCATALOG_COMPILER_GLOBAL_ACCENT_COLOR_NAME = AccentColor;
				ASSETCATALOG_COMPILER_INCLUDE_ALL_APPICON_ASSETS = YES;
				CODE_SIGN_ENTITLEMENTS = SnapGrid/Resources/SnapGrid.entitlements;
				CODE_SIGN_STYLE = Automatic;
				CURRENT_PROJECT_VERSION = 1;
				DEVELOPMENT_ASSET_PATHS = "";
				DEVELOPMENT_TEAM = HJ4HYUU2Y6;
				ENABLE_PREVIEWS = YES;
				GENERATE_INFOPLIST_FILE = YES;
				INFOPLIST_FILE = SnapGrid/Resources/Info.plist;
				INFOPLIST_KEY_CFBundleDisplayName = SnapGrid;
				INFOPLIST_KEY_LSApplicationCategoryType = "public.app-category.photography";
				INFOPLIST_KEY_UIApplicationSceneManifest_Generation = YES;
				INFOPLIST_KEY_UIApplicationSupportsIndirectInputEvents = YES;
				INFOPLIST_KEY_UILaunchScreen_Generation = YES;
				INFOPLIST_KEY_UISupportedInterfaceOrientations_iPad = "UIInterfaceOrientationPortrait UIInterfaceOrientationPortraitUpsideDown UIInterfaceOrientationLandscapeLeft UIInterfaceOrientationLandscapeRight";
				INFOPLIST_KEY_UISupportedInterfaceOrientations_iPhone = "UIInterfaceOrientationPortrait UIInterfaceOrientationLandscapeLeft UIInterfaceOrientationLandscapeRight";
				LD_RUNPATH_SEARCH_PATHS = (
					"$(inherited)",
					"@executable_path/Frameworks",
				);
				MARKETING_VERSION = 1.0.0;
				PRODUCT_BUNDLE_IDENTIFIER = com.snapgrid.ios;
				PRODUCT_NAME = "$(TARGET_NAME)";
				SUPPORTED_PLATFORMS = "iphoneos iphonesimulator";
				SUPPORTS_MACCATALYST = NO;
				SWIFT_EMIT_LOC_STRINGS = YES;
				SWIFT_VERSION = 5.0;
				TARGETED_DEVICE_FAMILY = "1,2";
			};
			name = Debug;
		};
		G100000021 /* Release */ = {
			isa = XCBuildConfiguration;
			buildSettings = {
				ASSETCATALOG_COMPILER_APPICON_NAME = AppIcon;
				ASSETCATALOG_COMPILER_GLOBAL_ACCENT_COLOR_NAME = AccentColor;
				ASSETCATALOG_COMPILER_INCLUDE_ALL_APPICON_ASSETS = YES;
				CODE_SIGN_ENTITLEMENTS = SnapGrid/Resources/SnapGrid.entitlements;
				CODE_SIGN_STYLE = Automatic;
				CURRENT_PROJECT_VERSION = 1;
				DEVELOPMENT_ASSET_PATHS = "";
				DEVELOPMENT_TEAM = HJ4HYUU2Y6;
				ENABLE_PREVIEWS = YES;
				GENERATE_INFOPLIST_FILE = YES;
				INFOPLIST_FILE = SnapGrid/Resources/Info.plist;
				INFOPLIST_KEY_CFBundleDisplayName = SnapGrid;
				INFOPLIST_KEY_LSApplicationCategoryType = "public.app-category.photography";
				INFOPLIST_KEY_UIApplicationSceneManifest_Generation = YES;
				INFOPLIST_KEY_UIApplicationSupportsIndirectInputEvents = YES;
				INFOPLIST_KEY_UILaunchScreen_Generation = YES;
				INFOPLIST_KEY_UISupportedInterfaceOrientations_iPad = "UIInterfaceOrientationPortrait UIInterfaceOrientationPortraitUpsideDown UIInterfaceOrientationLandscapeLeft UIInterfaceOrientationLandscapeRight";
				INFOPLIST_KEY_UISupportedInterfaceOrientations_iPhone = "UIInterfaceOrientationPortrait UIInterfaceOrientationLandscapeLeft UIInterfaceOrientationLandscapeRight";
				LD_RUNPATH_SEARCH_PATHS = (
					"$(inherited)",
					"@executable_path/Frameworks",
				);
				MARKETING_VERSION = 1.0.0;
				PRODUCT_BUNDLE_IDENTIFIER = com.snapgrid.ios;
				PRODUCT_NAME = "$(TARGET_NAME)";
				SUPPORTED_PLATFORMS = "iphoneos iphonesimulator";
				SUPPORTS_MACCATALYST = NO;
				SWIFT_EMIT_LOC_STRINGS = YES;
				SWIFT_VERSION = 5.0;
				TARGETED_DEVICE_FAMILY = "1,2";
			};
			name = Release;
		};
/* End XCBuildConfiguration section */

/* Begin XCConfigurationList section */
		A0E9D3DF2F7328AC00E35403 /* Build configuration list for PBXNativeTarget "ShareExtension" */ = {
			isa = XCConfigurationList;
			buildConfigurations = (
				A0E9D3DC2F7328AC00E35403 /* Debug */,
				A0E9D3DD2F7328AC00E35403 /* Release */,
			);
			defaultConfigurationIsVisible = 0;
			defaultConfigurationName = Release;
		};
		G100000001 /* Build configuration list for PBXProject "SnapGrid" */ = {
			isa = XCConfigurationList;
			buildConfigurations = (
				G100000010 /* Debug */,
				G100000011 /* Release */,
			);
			defaultConfigurationIsVisible = 0;
			defaultConfigurationName = Release;
		};
		G100000003 /* Build configuration list for PBXNativeTarget "SnapGrid" */ = {
			isa = XCConfigurationList;
			buildConfigurations = (
				G100000020 /* Debug */,
				G100000021 /* Release */,
			);
			defaultConfigurationIsVisible = 0;
			defaultConfigurationName = Release;
		};
/* End XCConfigurationList section */
	};
	rootObject = H100000001 /* Project object */;
}
